{
  "requires": true,
  "lockfileVersion": 1,
  "dependencies": {
    "datatables.net": {
      "version": "2.0.2",
      "resolved": "https://registry.npmjs.org/datatables.net/-/datatables.net-2.0.2.tgz",
      "integrity": "sha512-uQM+s1oXhpTajUw5DCxarpfAtQJMh0MKFCLZMCc+UWLWPg8ipe6L2zgDMbRC8n9UCwGVpHOwUYlQu2JU1/PhSg==",
      "requires": {
        "jquery": ">=1.7"
      }
    },
    "datatables.net-bs5": {
      "version": "2.0.2",
      "resolved": "https://registry.npmjs.org/datatables.net-bs5/-/datatables.net-bs5-2.0.2.tgz",
      "integrity": "sha512-DT8UDglmFroQ+40W3ElSiil73ISc2bK8n7EjNdN2iFrX31mxDTWo4NA/fBBFWEXHTxOpi0V4vD7zTq0SxP0Pvw==",
      "requires": {
        "datatables.net": "2.0.2",
        "jquery": ">=1.7"
      }
    },
    "datatables.net-buttons": {
      "version": "3.0.1",
      "resolved": "https://registry.npmjs.org/datatables.net-buttons/-/datatables.net-buttons-3.0.1.tgz",
      "integrity": "sha512-VjTEooHtjHW2VY5/iddTLMRy2G2TtT2GyYwN9EmaMsG4MClD5lWfYdkpv/NMwz175gx7fe1lh/NVAYT4W3jMSg==",
      "requires": {
        "datatables.net": "^2",
        "jquery": ">=1.7"
      }
    },
    "datatables.net-buttons-bs5": {
      "version": "3.0.1",
      "resolved": "https://registry.npmjs.org/datatables.net-buttons-bs5/-/datatables.net-buttons-bs5-3.0.1.tgz",
      "integrity": "sha512-Q8MrDiuM5BmvEn3bT28HRzw0wRsudTTYieqacCBD1UfbmjelyEYSk9ugrxbrPtuavQuLZr8HZhDlCCDYusJAfg==",
      "requires": {
        "datatables.net-bs5": "^2",
        "datatables.net-buttons": "3.0.1",
        "jquery": ">=1.7"
      }
    },
    "jquery": {
      "version": "3.7.1",
      "resolved": "https://registry.npmjs.org/jquery/-/jquery-3.7.1.tgz",
      "integrity": "sha512-m4avr8yL8kmFN8psrbFFFmB/If14iN5o9nw/NgnnM+kybDJpRsAynV2BsfpTYrTRysYUdADVD7CkUUizgkpLfg=="
    },
    "material-dashboard": {
      "version": "3.0.9",
      "resolved": "https://registry.npmjs.org/material-dashboard/-/material-dashboard-3.0.9.tgz",
      "integrity": "sha512-u50oUHYCQMxeeoYXjRzCQvfEOdLI0gqTKpNkMfaLjnwMtnFX2p06ObRuOBwPI4B0c74sr590vWlFSEicuEEQdQ=="
    }
  }
}
